// !$*UTF8*$!
{
	archiveVersion = 1;
	classes = {
	};
	objectVersion = 56;
	objects = {

/* Begin PBXBuildFile section */
		223397A5293358B50055621B /* BoxOfficeCell.swift in Sources */ = {isa = PBXBuildFile; fileRef = 223397A4293358B50055621B /* BoxOfficeCell.swift */; };
		223397A9293739C80055621B /* apiInfo.plist in Resources */ = {isa = PBXBuildFile; fileRef = 223397A8293739C80055621B /* apiInfo.plist */; };
		223397AD2937A75D0055621B /* CollectionViewHeader.swift in Sources */ = {isa = PBXBuildFile; fileRef = 223397AC2937A75D0055621B /* CollectionViewHeader.swift */; };
		223397AF2938A26E0055621B /* MovieDetail.swift in Sources */ = {isa = PBXBuildFile; fileRef = 223397AE2938A26E0055621B /* MovieDetail.swift */; };
		223397B12939FBC80055621B /* MovieDetailViewController.swift in Sources */ = {isa = PBXBuildFile; fileRef = 223397B02939FBC80055621B /* MovieDetailViewController.swift */; };
		223397B6293A2E320055621B /* MovieSearchViewController.swift in Sources */ = {isa = PBXBuildFile; fileRef = 223397B5293A2E320055621B /* MovieSearchViewController.swift */; };
		223397B8293A3CEC0055621B /* MovieCell.swift in Sources */ = {isa = PBXBuildFile; fileRef = 223397B7293A3CEC0055621B /* MovieCell.swift */; };
		22502B55292FCBB000660F91 /* AppDelegate.swift in Sources */ = {isa = PBXBuildFile; fileRef = 22502B54292FCBB000660F91 /* AppDelegate.swift */; };
		22502B57292FCBB000660F91 /* SceneDelegate.swift in Sources */ = {isa = PBXBuildFile; fileRef = 22502B56292FCBB000660F91 /* SceneDelegate.swift */; };
		22502B5E292FCBB100660F91 /* Assets.xcassets in Resources */ = {isa = PBXBuildFile; fileRef = 22502B5D292FCBB100660F91 /* Assets.xcassets */; };
		22502B61292FCBB100660F91 /* LaunchScreen.storyboard in Resources */ = {isa = PBXBuildFile; fileRef = 22502B5F292FCBB100660F91 /* LaunchScreen.storyboard */; };
		22502B6A292FCC2300660F91 /* Alamofire in Frameworks */ = {isa = PBXBuildFile; productRef = 22502B69292FCC2300660F91 /* Alamofire */; };
		22502B6D292FCC3200660F91 /* SnapKit in Frameworks */ = {isa = PBXBuildFile; productRef = 22502B6C292FCC3200660F91 /* SnapKit */; };
		22502B70292FCC4100660F91 /* Kingfisher in Frameworks */ = {isa = PBXBuildFile; productRef = 22502B6F292FCC4100660F91 /* Kingfisher */; };
		22502B72292FCCAF00660F91 /* HomeViewController.swift in Sources */ = {isa = PBXBuildFile; fileRef = 22502B71292FCCAF00660F91 /* HomeViewController.swift */; };
		22502B742930D98200660F91 /* BoxOffice.swift in Sources */ = {isa = PBXBuildFile; fileRef = 22502B732930D98200660F91 /* BoxOffice.swift */; };
		22502B772930F02B00660F91 /* NaverMovieSearch.swift in Sources */ = {isa = PBXBuildFile; fileRef = 22502B762930F02B00660F91 /* NaverMovieSearch.swift */; };
		22502B7D2931193500660F91 /* APIService.swift in Sources */ = {isa = PBXBuildFile; fileRef = 22502B7C2931193500660F91 /* APIService.swift */; };
		22502B7F2931199D00660F91 /* APIInfo.swift in Sources */ = {isa = PBXBuildFile; fileRef = 22502B7E2931199D00660F91 /* APIInfo.swift */; };
/* End PBXBuildFile section */

/* Begin PBXFileReference section */
		223397A4293358B50055621B /* BoxOfficeCell.swift */ = {isa = PBXFileReference; lastKnownFileType = sourcecode.swift; path = BoxOfficeCell.swift; sourceTree = "<group>"; };
		223397A8293739C80055621B /* apiInfo.plist */ = {isa = PBXFileReference; lastKnownFileType = text.plist.xml; path = apiInfo.plist; sourceTree = "<group>"; };
		223397AC2937A75D0055621B /* CollectionViewHeader.swift */ = {isa = PBXFileReference; lastKnownFileType = sourcecode.swift; path = CollectionViewHeader.swift; sourceTree = "<group>"; };
		223397AE2938A26E0055621B /* MovieDetail.swift */ = {isa = PBXFileReference; lastKnownFileType = sourcecode.swift; path = MovieDetail.swift; sourceTree = "<group>"; };
		223397B02939FBC80055621B /* MovieDetailViewController.swift */ = {isa = PBXFileReference; lastKnownFileType = sourcecode.swift; path = MovieDetailViewController.swift; sourceTree = "<group>"; };
		223397B5293A2E320055621B /* MovieSearchViewController.swift */ = {isa = PBXFileReference; lastKnownFileType = sourcecode.swift; path = MovieSearchViewController.swift; sourceTree = "<group>"; };
		223397B7293A3CEC0055621B /* MovieCell.swift */ = {isa = PBXFileReference; lastKnownFileType = sourcecode.swift; path = MovieCell.swift; sourceTree = "<group>"; };
		22502B51292FCBB000660F91 /* PocketMovie.app */ = {isa = PBXFileReference; explicitFileType = wrapper.application; includeInIndex = 0; path = PocketMovie.app; sourceTree = BUILT_PRODUCTS_DIR; };
		22502B54292FCBB000660F91 /* AppDelegate.swift */ = {isa = PBXFileReference; lastKnownFileType = sourcecode.swift; path = AppDelegate.swift; sourceTree = "<group>"; };
		22502B56292FCBB000660F91 /* SceneDelegate.swift */ = {isa = PBXFileReference; lastKnownFileType = sourcecode.swift; path = SceneDelegate.swift; sourceTree = "<group>"; };
		22502B5D292FCBB100660F91 /* Assets.xcassets */ = {isa = PBXFileReference; lastKnownFileType = folder.assetcatalog; path = Assets.xcassets; sourceTree = "<group>"; };
		22502B60292FCBB100660F91 /* Base */ = {isa = PBXFileReference; lastKnownFileType = file.storyboard; name = Base; path = Base.lproj/LaunchScreen.storyboard; sourceTree = "<group>"; };
		22502B62292FCBB100660F91 /* Info.plist */ = {isa = PBXFileReference; lastKnownFileType = text.plist.xml; path = Info.plist; sourceTree = "<group>"; };
		22502B71292FCCAF00660F91 /* HomeViewController.swift */ = {isa = PBXFileReference; lastKnownFileType = sourcecode.swift; path = HomeViewController.swift; sourceTree = "<group>"; };
		22502B732930D98200660F91 /* BoxOffice.swift */ = {isa = PBXFileReference; lastKnownFileType = sourcecode.swift; path = BoxOffice.swift; sourceTree = "<group>"; };
		22502B762930F02B00660F91 /* NaverMovieSearch.swift */ = {isa = PBXFileReference; lastKnownFileType = sourcecode.swift; path = NaverMovieSearch.swift; sourceTree = "<group>"; };
		22502B7C2931193500660F91 /* APIService.swift */ = {isa = PBXFileReference; lastKnownFileType = sourcecode.swift; path = APIService.swift; sourceTree = "<group>"; };
		22502B7E2931199D00660F91 /* APIInfo.swift */ = {isa = PBXFileReference; lastKnownFileType = sourcecode.swift; path = APIInfo.swift; sourceTree = "<group>"; };
/* End PBXFileReference section */

/* Begin PBXFrameworksBuildPhase section */
		22502B4E292FCBB000660F91 /* Frameworks */ = {
			isa = PBXFrameworksBuildPhase;
			buildActionMask = 2147483647;
			files = (
				22502B70292FCC4100660F91 /* Kingfisher in Frameworks */,
				22502B6A292FCC2300660F91 /* Alamofire in Frameworks */,
				22502B6D292FCC3200660F91 /* SnapKit in Frameworks */,
			);
			runOnlyForDeploymentPostprocessing = 0;
		};
/* End PBXFrameworksBuildPhase section */

/* Begin PBXGroup section */
		223397B4293A2D070055621B /* View */ = {
			isa = PBXGroup;
			children = (
				22502B71292FCCAF00660F91 /* HomeViewController.swift */,
				223397B02939FBC80055621B /* MovieDetailViewController.swift */,
				223397AC2937A75D0055621B /* CollectionViewHeader.swift */,
				223397A4293358B50055621B /* BoxOfficeCell.swift */,
				223397B7293A3CEC0055621B /* MovieCell.swift */,
				223397B5293A2E320055621B /* MovieSearchViewController.swift */,
			);
			path = View;
			sourceTree = "<group>";
		};
		22502B48292FCBB000660F91 = {
			isa = PBXGroup;
			children = (
				223397A8293739C80055621B /* apiInfo.plist */,
				22502B53292FCBB000660F91 /* PocketMovie */,
				22502B52292FCBB000660F91 /* Products */,
			);
			sourceTree = "<group>";
		};
		22502B52292FCBB000660F91 /* Products */ = {
			isa = PBXGroup;
			children = (
				22502B51292FCBB000660F91 /* PocketMovie.app */,
			);
			name = Products;
			sourceTree = "<group>";
		};
		22502B53292FCBB000660F91 /* PocketMovie */ = {
			isa = PBXGroup;
			children = (
				22502B7B2931192700660F91 /* Service */,
				22502B752930EB7000660F91 /* Model */,
				22502B54292FCBB000660F91 /* AppDelegate.swift */,
				223397B4293A2D070055621B /* View */,
				22502B56292FCBB000660F91 /* SceneDelegate.swift */,
				22502B5D292FCBB100660F91 /* Assets.xcassets */,
				22502B5F292FCBB100660F91 /* LaunchScreen.storyboard */,
				22502B62292FCBB100660F91 /* Info.plist */,
			);
			path = PocketMovie;
			sourceTree = "<group>";
		};
		22502B752930EB7000660F91 /* Model */ = {
			isa = PBXGroup;
			children = (
				22502B732930D98200660F91 /* BoxOffice.swift */,
				22502B762930F02B00660F91 /* NaverMovieSearch.swift */,
				223397AE2938A26E0055621B /* MovieDetail.swift */,
			);
			path = Model;
			sourceTree = "<group>";
		};
		22502B7B2931192700660F91 /* Service */ = {
			isa = PBXGroup;
			children = (
				22502B7C2931193500660F91 /* APIService.swift */,
				22502B7E2931199D00660F91 /* APIInfo.swift */,
			);
			path = Service;
			sourceTree = "<group>";
		};
/* End PBXGroup section */

/* Begin PBXNativeTarget section */
		22502B50292FCBB000660F91 /* PocketMovie */ = {
			isa = PBXNativeTarget;
			buildConfigurationList = 22502B65292FCBB100660F91 /* Build configuration list for PBXNativeTarget "PocketMovie" */;
			buildPhases = (
				22502B4D292FCBB000660F91 /* Sources */,
				22502B4E292FCBB000660F91 /* Frameworks */,
				22502B4F292FCBB000660F91 /* Resources */,
			);
			buildRules = (
			);
			dependencies = (
			);
			name = PocketMovie;
			packageProductDependencies = (
				22502B69292FCC2300660F91 /* Alamofire */,
				22502B6C292FCC3200660F91 /* SnapKit */,
				22502B6F292FCC4100660F91 /* Kingfisher */,
			);
			productName = PocketMovie;
			productReference = 22502B51292FCBB000660F91 /* PocketMovie.app */;
			productType = "com.apple.product-type.application";
		};
/* End PBXNativeTarget section */

/* Begin PBXProject section */
		22502B49292FCBB000660F91 /* Project object */ = {
			isa = PBXProject;
			attributes = {
				BuildIndependentTargetsInParallel = 1;
				LastSwiftUpdateCheck = 1400;
				LastUpgradeCheck = 1400;
				TargetAttributes = {
					22502B50292FCBB000660F91 = {
						CreatedOnToolsVersion = 14.0.1;
					};
				};
			};
			buildConfigurationList = 22502B4C292FCBB000660F91 /* Build configuration list for PBXProject "PocketMovie" */;
			compatibilityVersion = "Xcode 14.0";
			developmentRegion = en;
			hasScannedForEncodings = 0;
			knownRegions = (
				en,
				Base,
			);
			mainGroup = 22502B48292FCBB000660F91;
			packageReferences = (
				22502B68292FCC2300660F91 /* XCRemoteSwiftPackageReference "Alamofire" */,
				22502B6B292FCC3200660F91 /* XCRemoteSwiftPackageReference "SnapKit" */,
				22502B6E292FCC4100660F91 /* XCRemoteSwiftPackageReference "Kingfisher" */,
			);
			productRefGroup = 22502B52292FCBB000660F91 /* Products */;
			projectDirPath = "";
			projectRoot = "";
			targets = (
				22502B50292FCBB000660F91 /* PocketMovie */,
			);
		};
/* End PBXProject section */

/* Begin PBXResourcesBuildPhase section */
		22502B4F292FCBB000660F91 /* Resources */ = {
			isa = PBXResourcesBuildPhase;
			buildActionMask = 2147483647;
			files = (
				22502B61292FCBB100660F91 /* LaunchScreen.storyboard in Resources */,
				223397A9293739C80055621B /* apiInfo.plist in Resources */,
				22502B5E292FCBB100660F91 /* Assets.xcassets in Resources */,
			);
			runOnlyForDeploymentPostprocessing = 0;
		};
/* End PBXResourcesBuildPhase section */

/* Begin PBXSourcesBuildPhase section */
		22502B4D292FCBB000660F91 /* Sources */ = {
			isa = PBXSourcesBuildPhase;
			buildActionMask = 2147483647;
			files = (
				223397B8293A3CEC0055621B /* MovieCell.swift in Sources */,
				22502B55292FCBB000660F91 /* AppDelegate.swift in Sources */,
				223397AD2937A75D0055621B /* CollectionViewHeader.swift in Sources */,
				22502B772930F02B00660F91 /* NaverMovieSearch.swift in Sources */,
				22502B57292FCBB000660F91 /* SceneDelegate.swift in Sources */,
				223397A5293358B50055621B /* BoxOfficeCell.swift in Sources */,
				223397B6293A2E320055621B /* MovieSearchViewController.swift in Sources */,
				22502B72292FCCAF00660F91 /* HomeViewController.swift in Sources */,
				22502B7D2931193500660F91 /* APIService.swift in Sources */,
				223397AF2938A26E0055621B /* MovieDetail.swift in Sources */,
				22502B742930D98200660F91 /* BoxOffice.swift in Sources */,
				223397B12939FBC80055621B /* MovieDetailViewController.swift in Sources */,
				22502B7F2931199D00660F91 /* APIInfo.swift in Sources */,
			);
			runOnlyForDeploymentPostprocessing = 0;
		};
/* End PBXSourcesBuildPhase section */

/* Begin PBXVariantGroup section */
		22502B5F292FCBB100660F91 /* LaunchScreen.storyboard */ = {
			isa = PBXVariantGroup;
			children = (
				22502B60292FCBB100660F91 /* Base */,
			);
			name = LaunchScreen.storyboard;
			sourceTree = "<group>";
		};
/* End PBXVariantGroup section */

/* Begin XCBuildConfiguration section */
		22502B63292FCBB100660F91 /* Debug */ = {
			isa = XCBuildConfiguration;
			buildSettings = {
				ALWAYS_SEARCH_USER_PATHS = NO;
				CLANG_ANALYZER_NONNULL = YES;
				CLANG_ANALYZER_NUMBER_OBJECT_CONVERSION = YES_AGGRESSIVE;
				CLANG_CXX_LANGUAGE_STANDARD = "gnu++20";
				CLANG_ENABLE_MODULES = YES;
				CLANG_ENABLE_OBJC_ARC = YES;
				CLANG_ENABLE_OBJC_WEAK = YES;
				CLANG_WARN_BLOCK_CAPTURE_AUTORELEASING = YES;
				CLANG_WARN_BOOL_CONVERSION = YES;
				CLANG_WARN_COMMA = YES;
				CLANG_WARN_CONSTANT_CONVERSION = YES;
				CLANG_WARN_DEPRECATED_OBJC_IMPLEMENTATIONS = YES;
				CLANG_WARN_DIRECT_OBJC_ISA_USAGE = YES_ERROR;
				CLANG_WARN_DOCUMENTATION_COMMENTS = YES;
				CLANG_WARN_EMPTY_BODY = YES;
				CLANG_WARN_ENUM_CONVERSION = YES;
				CLANG_WARN_INFINITE_RECURSION = YES;
				CLANG_WARN_INT_CONVERSION = YES;
				CLANG_WARN_NON_LITERAL_NULL_CONVERSION = YES;
				CLANG_WARN_OBJC_IMPLICIT_RETAIN_SELF = YES;
				CLANG_WARN_OBJC_LITERAL_CONVERSION = YES;
				CLANG_WARN_OBJC_ROOT_CLASS = YES_ERROR;
				CLANG_WARN_QUOTED_INCLUDE_IN_FRAMEWORK_HEADER = YES;
				CLANG_WARN_RANGE_LOOP_ANALYSIS = YES;
				CLANG_WARN_STRICT_PROTOTYPES = YES;
				CLANG_WARN_SUSPICIOUS_MOVE = YES;
				CLANG_WARN_UNGUARDED_AVAILABILITY = YES_AGGRESSIVE;
				CLANG_WARN_UNREACHABLE_CODE = YES;
				CLANG_WARN__DUPLICATE_METHOD_MATCH = YES;
				COPY_PHASE_STRIP = NO;
				DEBUG_INFORMATION_FORMAT = dwarf;
				ENABLE_STRICT_OBJC_MSGSEND = YES;
				ENABLE_TESTABILITY = YES;
				GCC_C_LANGUAGE_STANDARD = gnu11;
				GCC_DYNAMIC_NO_PIC = NO;
				GCC_NO_COMMON_BLOCKS = YES;
				GCC_OPTIMIZATION_LEVEL = 0;
				GCC_PREPROCESSOR_DEFINITIONS = (
					"DEBUG=1",
					"$(inherited)",
				);
				GCC_WARN_64_TO_32_BIT_CONVERSION = YES;
				GCC_WARN_ABOUT_RETURN_TYPE = YES_ERROR;
				GCC_WARN_UNDECLARED_SELECTOR = YES;
				GCC_WARN_UNINITIALIZED_AUTOS = YES_AGGRESSIVE;
				GCC_WARN_UNUSED_FUNCTION = YES;
				GCC_WARN_UNUSED_VARIABLE = YES;
				IPHONEOS_DEPLOYMENT_TARGET = 16.0;
				MTL_ENABLE_DEBUG_INFO = INCLUDE_SOURCE;
				MTL_FAST_MATH = YES;
				ONLY_ACTIVE_ARCH = YES;
				SDKROOT = iphoneos;
				SWIFT_ACTIVE_COMPILATION_CONDITIONS = DEBUG;
				SWIFT_OPTIMIZATION_LEVEL = "-Onone";
			};
			name = Debug;
		};
		22502B64292FCBB100660F91 /* Release */ = {
			isa = XCBuildConfiguration;
			buildSettings = {
				ALWAYS_SEARCH_USER_PATHS = NO;
				CLANG_ANALYZER_NONNULL = YES;
				CLANG_ANALYZER_NUMBER_OBJECT_CONVERSION = YES_AGGRESSIVE;
				CLANG_CXX_LANGUAGE_STANDARD = "gnu++20";
				CLANG_ENABLE_MODULES = YES;
				CLANG_ENABLE_OBJC_ARC = YES;
				CLANG_ENABLE_OBJC_WEAK = YES;
				CLANG_WARN_BLOCK_CAPTURE_AUTORELEASING = YES;
				CLANG_WARN_BOOL_CONVERSION = YES;
				CLANG_WARN_COMMA = YES;
				CLANG_WARN_CONSTANT_CONVERSION = YES;
				CLANG_WARN_DEPRECATED_OBJC_IMPLEMENTATIONS = YES;
				CLANG_WARN_DIRECT_OBJC_ISA_USAGE = YES_ERROR;
				CLANG_WARN_DOCUMENTATION_COMMENTS = YES;
				CLANG_WARN_EMPTY_BODY = YES;
				CLANG_WARN_ENUM_CONVERSION = YES;
				CLANG_WARN_INFINITE_RECURSION = YES;
				CLANG_WARN_INT_CONVERSION = YES;
				CLANG_WARN_NON_LITERAL_NULL_CONVERSION = YES;
				CLANG_WARN_OBJC_IMPLICIT_RETAIN_SELF = YES;
				CLANG_WARN_OBJC_LITERAL_CONVERSION = YES;
				CLANG_WARN_OBJC_ROOT_CLASS = YES_ERROR;
				CLANG_WARN_QUOTED_INCLUDE_IN_FRAMEWORK_HEADER = YES;
				CLANG_WARN_RANGE_LOOP_ANALYSIS = YES;
				CLANG_WARN_STRICT_PROTOTYPES = YES;
				CLANG_WARN_SUSPICIOUS_MOVE = YES;
				CLANG_WARN_UNGUARDED_AVAILABILITY = YES_AGGRESSIVE;
				CLANG_WARN_UNREACHABLE_CODE = YES;
				CLANG_WARN__DUPLICATE_METHOD_MATCH = YES;
				COPY_PHASE_STRIP = NO;
				DEBUG_INFORMATION_FORMAT = "dwarf-with-dsym";
				ENABLE_NS_ASSERTIONS = NO;
				ENABLE_STRICT_OBJC_MSGSEND = YES;
				GCC_C_LANGUAGE_STANDARD = gnu11;
				GCC_NO_COMMON_BLOCKS = YES;
				GCC_WARN_64_TO_32_BIT_CONVERSION = YES;
				GCC_WARN_ABOUT_RETURN_TYPE = YES_ERROR;
				GCC_WARN_UNDECLARED_SELECTOR = YES;
				GCC_WARN_UNINITIALIZED_AUTOS = YES_AGGRESSIVE;
				GCC_WARN_UNUSED_FUNCTION = YES;
				GCC_WARN_UNUSED_VARIABLE = YES;
				IPHONEOS_DEPLOYMENT_TARGET = 16.0;
				MTL_ENABLE_DEBUG_INFO = NO;
				MTL_FAST_MATH = YES;
				SDKROOT = iphoneos;
				SWIFT_COMPILATION_MODE = wholemodule;
				SWIFT_OPTIMIZATION_LEVEL = "-O";
				VALIDATE_PRODUCT = YES;
			};
			name = Release;
		};
		22502B66292FCBB100660F91 /* Debug */ = {
			isa = XCBuildConfiguration;
			buildSettings = {
				ASSETCATALOG_COMPILER_APPICON_NAME = AppIcon;
				ASSETCATALOG_COMPILER_GLOBAL_ACCENT_COLOR_NAME = AccentColor;
				CODE_SIGN_STYLE = Automatic;
				CURRENT_PROJECT_VERSION = 1;
				DEVELOPMENT_TEAM = UUYBHY988H;
				GENERATE_INFOPLIST_FILE = YES;
				INFOPLIST_FILE = PocketMovie/Info.plist;
				INFOPLIST_KEY_UIApplicationSupportsIndirectInputEvents = YES;
				INFOPLIST_KEY_UILaunchStoryboardName = LaunchScreen;
				INFOPLIST_KEY_UIStatusBarStyle = "";
				INFOPLIST_KEY_UISupportedInterfaceOrientations = UIInterfaceOrientationPortrait;
				INFOPLIST_KEY_UISupportedInterfaceOrientations_iPad = "UIInterfaceOrientationLandscapeLeft UIInterfaceOrientationLandscapeRight UIInterfaceOrientationPortrait UIInterfaceOrientationPortraitUpsideDown";
				LD_RUNPATH_SEARCH_PATHS = (
					"$(inherited)",
					"@executable_path/Frameworks",
				);
				MARKETING_VERSION = 1.0;
				PRODUCT_BUNDLE_IDENTIFIER = personal.PocketMovie;
				PRODUCT_NAME = "$(TARGET_NAME)";
				SWIFT_EMIT_LOC_STRINGS = YES;
				SWIFT_VERSION = 5.0;
				TARGETED_DEVICE_FAMILY = "1,2";
			};
			name = Debug;
		};
		22502B67292FCBB100660F91 /* Release */ = {
			isa = XCBuildConfiguration;
			buildSettings = {
				ASSETCATALOG_COMPILER_APPICON_NAME = AppIcon;
				ASSETCATALOG_COMPILER_GLOBAL_ACCENT_COLOR_NAME = AccentColor;
				CODE_SIGN_STYLE = Automatic;
				CURRENT_PROJECT_VERSION = 1;
				DEVELOPMENT_TEAM = UUYBHY988H;
				GENERATE_INFOPLIST_FILE = YES;
				INFOPLIST_FILE = PocketMovie/Info.plist;
				INFOPLIST_KEY_UIApplicationSupportsIndirectInputEvents = YES;
				INFOPLIST_KEY_UILaunchStoryboardName = LaunchScreen;
				INFOPLIST_KEY_UIStatusBarStyle = "";
				INFOPLIST_KEY_UISupportedInterfaceOrientations = UIInterfaceOrientationPortrait;
				INFOPLIST_KEY_UISupportedInterfaceOrientations_iPad = "UIInterfaceOrientationLandscapeLeft UIInterfaceOrientationLandscapeRight UIInterfaceOrientationPortrait UIInterfaceOrientationPortraitUpsideDown";
				LD_RUNPATH_SEARCH_PATHS = (
					"$(inherited)",
					"@executable_path/Frameworks",
				);
				MARKETING_VERSION = 1.0;
				PRODUCT_BUNDLE_IDENTIFIER = personal.PocketMovie;
				PRODUCT_NAME = "$(TARGET_NAME)";
				SWIFT_EMIT_LOC_STRINGS = YES;
				SWIFT_VERSION = 5.0;
				TARGETED_DEVICE_FAMILY = "1,2";
			};
			name = Release;
		};
/* End XCBuildConfiguration section */

/* Begin XCConfigurationList section */
		22502B4C292FCBB000660F91 /* Build configuration list for PBXProject "PocketMovie" */ = {
			isa = XCConfigurationList;
			buildConfigurations = (
				22502B63292FCBB100660F91 /* Debug */,
				22502B64292FCBB100660F91 /* Release */,
			);
			defaultConfigurationIsVisible = 0;
			defaultConfigurationName = Release;
		};
		22502B65292FCBB100660F91 /* Build configuration list for PBXNativeTarget "PocketMovie" */ = {
			isa = XCConfigurationList;
			buildConfigurations = (
				22502B66292FCBB100660F91 /* Debug */,
				22502B67292FCBB100660F91 /* Release */,
			);
			defaultConfigurationIsVisible = 0;
			defaultConfigurationName = Release;
		};
/* End XCConfigurationList section */

/* Begin XCRemoteSwiftPackageReference section */
		22502B68292FCC2300660F91 /* XCRemoteSwiftPackageReference "Alamofire" */ = {
			isa = XCRemoteSwiftPackageReference;
			repositoryURL = "https://github.com/Alamofire/Alamofire";
			requirement = {
				kind = upToNextMajorVersion;
				minimumVersion = 5.0.0;
			};
		};
		22502B6B292FCC3200660F91 /* XCRemoteSwiftPackageReference "SnapKit" */ = {
			isa = XCRemoteSwiftPackageReference;
			repositoryURL = "https://github.com/SnapKit/SnapKit";
			requirement = {
				kind = upToNextMajorVersion;
				minimumVersion = 5.0.0;
			};
		};
		22502B6E292FCC4100660F91 /* XCRemoteSwiftPackageReference "Kingfisher" */ = {
			isa = XCRemoteSwiftPackageReference;
			repositoryURL = "https://github.com/onevcat/Kingfisher";
			requirement = {
				kind = upToNextMajorVersion;
				minimumVersion = 7.0.0;
			};
		};
/* End XCRemoteSwiftPackageReference section */

/* Begin XCSwiftPackageProductDependency section */
		22502B69292FCC2300660F91 /* Alamofire */ = {
			isa = XCSwiftPackageProductDependency;
			package = 22502B68292FCC2300660F91 /* XCRemoteSwiftPackageReference "Alamofire" */;
			productName = Alamofire;
		};
		22502B6C292FCC3200660F91 /* SnapKit */ = {
			isa = XCSwiftPackageProductDependency;
			package = 22502B6B292FCC3200660F91 /* XCRemoteSwiftPackageReference "SnapKit" */;
			productName = SnapKit;
		};
		22502B6F292FCC4100660F91 /* Kingfisher */ = {
			isa = XCSwiftPackageProductDependency;
			package = 22502B6E292FCC4100660F91 /* XCRemoteSwiftPackageReference "Kingfisher" */;
			productName = Kingfisher;
		};
/* End XCSwiftPackageProductDependency section */
	};
	rootObject = 22502B49292FCBB000660F91 /* Project object */;
}
